
Microsoft Visual Studio Solution File, Format Version 12.00
# Visual Studio 14
VisualStudioVersion = 14.0.25420.1
MinimumVisualStudioVersion = 10.0.40219.1
Project("{FAE04EC0-301F-11D3-BF4B-00C04F79EFBC}") = "Claimway", "Claimway\Claimway.csproj", "{B52745A5-9489-44D2-B1C2-9DF0E554F264}"
EndProject
Project("{FAE04EC0-301F-11D3-BF4B-00C04F79EFBC}") = "Claimway.Tests", "Claimway.Tests\Claimway.Tests.csproj", "{1FB62B75-8727-46A3-8EAF-2423BD1F82B0}"
EndProject
Global
	GlobalSection(SolutionConfigurationPlatforms) = preSolution
		Debug|Any CPU = Debug|Any CPU
		Release|Any CPU = Release|Any CPU
	EndGlobalSection
	GlobalSection(ProjectConfigurationPlatforms) = postSolution
		{B52745A5-9489-44D2-B1C2-9DF0E554F264}.Debug|Any CPU.ActiveCfg = Debug|Any CPU
		{B52745A5-9489-44D2-B1C2-9DF0E554F264}.Debug|Any CPU.Build.0 = Debug|Any CPU
		{B52745A5-9489-44D2-B1C2-9DF0E554F264}.Release|Any CPU.ActiveCfg = Release|Any CPU
		{B52745A5-9489-44D2-B1C2-9DF0E554F264}.Release|Any CPU.Build.0 = Release|Any CPU
		{1FB62B75-8727-46A3-8EAF-2423BD1F82B0}.Debug|Any CPU.ActiveCfg = Debug|Any CPU
		{1FB62B75-8727-46A3-8EAF-2423BD1F82B0}.Debug|Any CPU.Build.0 = Debug|Any CPU
		{1FB62B75-8727-46A3-8EAF-2423BD1F82B0}.Release|Any CPU.ActiveCfg = Release|Any CPU
		{1FB62B75-8727-46A3-8EAF-2423BD1F82B0}.Release|Any CPU.Build.0 = Release|Any CPU
	EndGlobalSection
	GlobalSection(SolutionProperties) = preSolution
		HideSolutionNode = FALSE
	EndGlobalSection
EndGlobal
